
Microsoft Visual Studio Solution File, Format Version 12.00
# Visual Studio Version 17
VisualStudioVersion = 17.2.32616.157
MinimumVisualStudioVersion = 10.0.40219.1
Project("{FAE04EC0-301F-11D3-BF4B-00C04F79EFBC}") = "LaNizaFoodProj", "LaNizaFoodProj\LaNizaFoodProj.csproj", "{7311FFB9-9C1A-4CD6-B4B5-F221CA97CD3D}"
EndProject
Project("{FAE04EC0-301F-11D3-BF4B-00C04F79EFBC}") = "RestaurantMenuLibraryProj", "..\RestaurantMenuLibrarySolution\RestaurantMenuLibraryProj\RestaurantMenuLibraryProj.csproj", "{CF862008-25BC-4231-90B5-EF91E7DC055F}"
EndProject
Global
	GlobalSection(SolutionConfigurationPlatforms) = preSolution
		Debug|Any CPU = Debug|Any CPU
		Release|Any CPU = Release|Any CPU
	EndGlobalSection
	GlobalSection(ProjectConfigurationPlatforms) = postSolution
		{7311FFB9-9C1A-4CD6-B4B5-F221CA97CD3D}.Debug|Any CPU.ActiveCfg = Debug|Any CPU
		{7311FFB9-9C1A-4CD6-B4B5-F221CA97CD3D}.Debug|Any CPU.Build.0 = Debug|Any CPU
		{7311FFB9-9C1A-4CD6-B4B5-F221CA97CD3D}.Release|Any CPU.ActiveCfg = Release|Any CPU
		{7311FFB9-9C1A-4CD6-B4B5-F221CA97CD3D}.Release|Any CPU.Build.0 = Release|Any CPU
		{CF862008-25BC-4231-90B5-EF91E7DC055F}.Debug|Any CPU.ActiveCfg = Debug|Any CPU
		{CF862008-25BC-4231-90B5-EF91E7DC055F}.Debug|Any CPU.Build.0 = Debug|Any CPU
		{CF862008-25BC-4231-90B5-EF91E7DC055F}.Release|Any CPU.ActiveCfg = Release|Any CPU
		{CF862008-25BC-4231-90B5-EF91E7DC055F}.Release|Any CPU.Build.0 = Release|Any CPU
	EndGlobalSection
	GlobalSection(SolutionProperties) = preSolution
		HideSolutionNode = FALSE
	EndGlobalSection
	GlobalSection(ExtensibilityGlobals) = postSolution
		SolutionGuid = {6038DBCE-A392-46EA-85D6-1FEA7C37F9C9}
	EndGlobalSection
EndGlobal
